{
  "name": "svelte-redux-connect",
  "version": "1.0.3",
  "lockfileVersion": 1,
  "requires": true,
  "dependencies": {
    "lodash": {
      "version": "4.17.15",
      "resolved": "https://registry.npmjs.org/lodash/-/lodash-4.17.15.tgz",
      "integrity": "sha512-8xOcRHvCjnocdS5cpwXQXVzmmh5e5+saE2QGoeQmbKmRS6J3VQppPOIt0MnmE+4xlZoumy0GPG0D0MVIQbNA1A=="
    },
    "svelte": {
      "version": "3.12.1",
      "resolved": "https://registry.npmjs.org/svelte/-/svelte-3.12.1.tgz",
      "integrity": "sha512-t29WJNjHIqfrdMcVXqIyRfgLEaNz7MihKXTpb8qHlbzvf0WyOOIhIlwIGvl6ahJ9+9CLJwz0sjhFNAmPgo8BHg=="
    }
  }
}
