{
  "name": "svelte-redux-connect",
  "version": "1.1.4",
  "lockfileVersion": 1,
  "requires": true,
  "dependencies": {
    "svelte": {
      "version": "3.16.4",
      "resolved": "https://registry.npmjs.org/svelte/-/svelte-3.16.4.tgz",
      "integrity": "sha512-+9k0fWp6q2AW0Niap+AIjERoRV9ZTj2yr+33JtjYHAxFRwTGdsy6UYnNThyrUNZPBHdlnbTuEt2V8p07jJGiZQ=="
    }
  }
}
